{
  "requires": true,
  "lockfileVersion": 1,
  "dependencies": {
    "@3dwayfinder/sdk": {
      "version": "3.9.1",
      "resolved": "https://registry.npmjs.org/@3dwayfinder/sdk/-/sdk-3.9.1.tgz",
      "integrity": "sha512-OJaGFA/K0Lbfuc+TkKsjC9jX6AmuCtseBkAk0uHwCtDkhoYaiOq8kxzTE1jEQVtQGifSkypIItek9NqD37+aAQ=="
    }
  }
}
